{
  "version": 4,
  "terraform_version": "1.9.8",
  "serial": 112,
  "lineage": "e09cfecf-0183-ce82-5b53-7f0964e01de1",
  "outputs": {},
  "resources": [
    {
      "module": "module.iam",
      "mode": "data",
      "type": "aws_caller_identity",
      "name": "current",
      "provider": "provider[\"registry.terraform.io/hashicorp/aws\"]",
      "instances": [
        {
          "schema_version": 0,
          "attributes": {
            "account_id": "216989124908",
            "arn": "arn:aws:sts::216989124908:assumed-role/terraform-role/terraform-session",
            "id": "216989124908",
            "user_id": "AROATFBMPJEWKPXMBAWXD:terraform-session"
          },
          "sensitive_attributes": []
        }
      ]
    },
    {
      "module": "module.iam",
      "mode": "managed",
      "type": "aws_iam_policy",
      "name": "lambda_policy",
      "provider": "provider[\"registry.terraform.io/hashicorp/aws\"]",
      "instances": [
        {
          "schema_version": 0,
          "attributes": {
            "arn": "arn:aws:iam::216989124908:policy/lambda-opensearch-policy",
            "attachment_count": 1,
            "description": "Policy to allow Lambda to access OpenSearch",
            "id": "arn:aws:iam::216989124908:policy/lambda-opensearch-policy",
            "name": "lambda-opensearch-policy",
            "name_prefix": "",
            "path": "/",
            "policy": "{\"Statement\":[{\"Action\":[\"es:ESHttpPut\",\"es:ESHttpPost\",\"es:ESHttpGet\",\"es:ESHttpHead\"],\"Effect\":\"Allow\",\"Resource\":\"arn:aws:es:us-east-1:216989124908:domain/logs-domain/*\"}],\"Version\":\"2012-10-17\"}",
            "policy_id": "ANPATFBMPJEWC3RB2MNYC",
            "tags": {},
            "tags_all": {}
          },
          "sensitive_attributes": [],
          "private": "bnVsbA==",
          "dependencies": [
            "module.iam.data.aws_caller_identity.current"
          ]
        }
      ]
    },
    {
      "module": "module.iam",
      "mode": "managed",
      "type": "aws_iam_role",
      "name": "lambda_role",
      "provider": "provider[\"registry.terraform.io/hashicorp/aws\"]",
      "instances": [
        {
          "schema_version": 0,
          "attributes": {
            "arn": "arn:aws:iam::216989124908:role/lambda-execution-role",
            "assume_role_policy": "{\"Statement\":[{\"Action\":\"sts:AssumeRole\",\"Effect\":\"Allow\",\"Principal\":{\"Service\":\"lambda.amazonaws.com\"}}],\"Version\":\"2012-10-17\"}",
            "create_date": "2024-11-25T01:47:06Z",
            "description": "",
            "force_detach_policies": false,
            "id": "lambda-execution-role",
            "inline_policy": [],
            "managed_policy_arns": [
              "arn:aws:iam::216989124908:policy/lambda-opensearch-policy"
            ],
            "max_session_duration": 3600,
            "name": "lambda-execution-role",
            "name_prefix": "",
            "path": "/",
            "permissions_boundary": "",
            "tags": {},
            "tags_all": {},
            "unique_id": "AROATFBMPJEWKNIRWIWOY"
          },
          "sensitive_attributes": [],
          "private": "bnVsbA=="
        }
      ]
    },
    {
      "module": "module.iam",
      "mode": "managed",
      "type": "aws_iam_role_policy_attachment",
      "name": "lambda_policy_attachment",
      "provider": "provider[\"registry.terraform.io/hashicorp/aws\"]",
      "instances": [
        {
          "schema_version": 0,
          "attributes": {
            "id": "lambda-execution-role-20241125014707874900000001",
            "policy_arn": "arn:aws:iam::216989124908:policy/lambda-opensearch-policy",
            "role": "lambda-execution-role"
          },
          "sensitive_attributes": [],
          "private": "bnVsbA==",
          "dependencies": [
            "module.iam.aws_iam_policy.lambda_policy",
            "module.iam.aws_iam_role.lambda_role",
            "module.iam.data.aws_caller_identity.current"
          ]
        }
      ]
    }
  ],
  "check_results": null
}
